
Microsoft Visual Studio Solution File, Format Version 12.00
# Visual Studio 15
VisualStudioVersion = 15.0.33423.255
MinimumVisualStudioVersion = 10.0.40219.1
Project("{FAE04EC0-301F-11D3-BF4B-00C04F79EFBC}") = "Machine", "Machine\Machine.csproj", "{18CAA1BF-ABFF-445C-B4A8-BB2EA04D83E2}"
EndProject
Project("{FAE04EC0-301F-11D3-BF4B-00C04F79EFBC}") = "BakingDataLib", "..\BakingDataLib\BakingDataLib.csproj", "{A93DA720-8AE8-46C4-A9C1-50ACDD8E87F3}"
EndProject
Global
	GlobalSection(SolutionConfigurationPlatforms) = preSolution
		Debug|Any CPU = Debug|Any CPU
		Release|Any CPU = Release|Any CPU
	EndGlobalSection
	GlobalSection(ProjectConfigurationPlatforms) = postSolution
		{18CAA1BF-ABFF-445C-B4A8-BB2EA04D83E2}.Debug|Any CPU.ActiveCfg = Debug|Any CPU
		{18CAA1BF-ABFF-445C-B4A8-BB2EA04D83E2}.Debug|Any CPU.Build.0 = Debug|Any CPU
		{18CAA1BF-ABFF-445C-B4A8-BB2EA04D83E2}.Release|Any CPU.ActiveCfg = Release|Any CPU
		{18CAA1BF-ABFF-445C-B4A8-BB2EA04D83E2}.Release|Any CPU.Build.0 = Release|Any CPU
		{A93DA720-8AE8-46C4-A9C1-50ACDD8E87F3}.Debug|Any CPU.ActiveCfg = Debug|Any CPU
		{A93DA720-8AE8-46C4-A9C1-50ACDD8E87F3}.Debug|Any CPU.Build.0 = Debug|Any CPU
		{A93DA720-8AE8-46C4-A9C1-50ACDD8E87F3}.Release|Any CPU.ActiveCfg = Release|Any CPU
		{A93DA720-8AE8-46C4-A9C1-50ACDD8E87F3}.Release|Any CPU.Build.0 = Release|Any CPU
	EndGlobalSection
	GlobalSection(SolutionProperties) = preSolution
		HideSolutionNode = FALSE
	EndGlobalSection
	GlobalSection(ExtensibilityGlobals) = postSolution
		SolutionGuid = {AEE3872E-63E4-4F34-92BB-E31E9B219EE3}
	EndGlobalSection
EndGlobal
